
Microsoft Visual Studio Solution File, Format Version 12.00
# Visual Studio Version 16
VisualStudioVersion = 16.0.28922.388
MinimumVisualStudioVersion = 10.0.40219.1
Project("{9A19103F-16F7-4668-BE54-9A1E7A4F7556}") = "VehicleAutoPilot", "VehicleAutoPilot\VehicleAutoPilot.csproj", "{5FF92DFB-2986-4B3A-A244-6ABC9B26AD8F}"
EndProject
Project("{9A19103F-16F7-4668-BE54-9A1E7A4F7556}") = "GameSelection", "GameSelection\GameSelection.csproj", "{3833F894-9E6A-49BB-A38F-E2FC3E4D350C}"
EndProject
Project("{9A19103F-16F7-4668-BE54-9A1E7A4F7556}") = "TaxiOrdering", "TaxiOrdering\TaxiOrdering.csproj", "{FE0E33F9-5919-4F86-ABAA-3B3FDE35199B}"
EndProject
Global
	GlobalSection(SolutionConfigurationPlatforms) = preSolution
		Debug|Any CPU = Debug|Any CPU
		Release|Any CPU = Release|Any CPU
	EndGlobalSection
	GlobalSection(ProjectConfigurationPlatforms) = postSolution
		{5FF92DFB-2986-4B3A-A244-6ABC9B26AD8F}.Debug|Any CPU.ActiveCfg = Debug|Any CPU
		{5FF92DFB-2986-4B3A-A244-6ABC9B26AD8F}.Debug|Any CPU.Build.0 = Debug|Any CPU
		{5FF92DFB-2986-4B3A-A244-6ABC9B26AD8F}.Release|Any CPU.ActiveCfg = Release|Any CPU
		{5FF92DFB-2986-4B3A-A244-6ABC9B26AD8F}.Release|Any CPU.Build.0 = Release|Any CPU
		{3833F894-9E6A-49BB-A38F-E2FC3E4D350C}.Debug|Any CPU.ActiveCfg = Debug|Any CPU
		{3833F894-9E6A-49BB-A38F-E2FC3E4D350C}.Debug|Any CPU.Build.0 = Debug|Any CPU
		{3833F894-9E6A-49BB-A38F-E2FC3E4D350C}.Release|Any CPU.ActiveCfg = Release|Any CPU
		{3833F894-9E6A-49BB-A38F-E2FC3E4D350C}.Release|Any CPU.Build.0 = Release|Any CPU
		{FE0E33F9-5919-4F86-ABAA-3B3FDE35199B}.Debug|Any CPU.ActiveCfg = Debug|Any CPU
		{FE0E33F9-5919-4F86-ABAA-3B3FDE35199B}.Debug|Any CPU.Build.0 = Debug|Any CPU
		{FE0E33F9-5919-4F86-ABAA-3B3FDE35199B}.Release|Any CPU.ActiveCfg = Release|Any CPU
		{FE0E33F9-5919-4F86-ABAA-3B3FDE35199B}.Release|Any CPU.Build.0 = Release|Any CPU
	EndGlobalSection
	GlobalSection(SolutionProperties) = preSolution
		HideSolutionNode = FALSE
	EndGlobalSection
	GlobalSection(ExtensibilityGlobals) = postSolution
		SolutionGuid = {2970FB9A-61DB-4E0D-8A75-DC252AF3C94A}
	EndGlobalSection
EndGlobal
